
Microsoft Visual Studio Solution File, Format Version 12.00
# Visual Studio 2012
Project("{FAE04EC0-301F-11D3-BF4B-00C04F79EFBC}") = "ejercicioinputbox", "ejercicioinputbox\ejercicioinputbox.csproj", "{ECC275E1-3DEB-43CC-A885-E5D06F3EE4FE}"
EndProject
Global
	GlobalSection(SolutionConfigurationPlatforms) = preSolution
		Debug|Any CPU = Debug|Any CPU
		Release|Any CPU = Release|Any CPU
	EndGlobalSection
	GlobalSection(ProjectConfigurationPlatforms) = postSolution
		{ECC275E1-3DEB-43CC-A885-E5D06F3EE4FE}.Debug|Any CPU.ActiveCfg = Debug|Any CPU
		{ECC275E1-3DEB-43CC-A885-E5D06F3EE4FE}.Debug|Any CPU.Build.0 = Debug|Any CPU
		{ECC275E1-3DEB-43CC-A885-E5D06F3EE4FE}.Release|Any CPU.ActiveCfg = Release|Any CPU
		{ECC275E1-3DEB-43CC-A885-E5D06F3EE4FE}.Release|Any CPU.Build.0 = Release|Any CPU
	EndGlobalSection
	GlobalSection(SolutionProperties) = preSolution
		HideSolutionNode = FALSE
	EndGlobalSection
EndGlobal
