
Microsoft Visual Studio Solution File, Format Version 12.00
# Visual Studio 2012
Project("{FAE04EC0-301F-11D3-BF4B-00C04F79EFBC}") = "numeros pares sumatoria 06", "numeros pares sumatoria 06\numeros pares sumatoria 06.csproj", "{CE8B8702-43F4-4FC1-9AFB-73B91B0526E2}"
EndProject
Global
	GlobalSection(SolutionConfigurationPlatforms) = preSolution
		Debug|Any CPU = Debug|Any CPU
		Release|Any CPU = Release|Any CPU
	EndGlobalSection
	GlobalSection(ProjectConfigurationPlatforms) = postSolution
		{CE8B8702-43F4-4FC1-9AFB-73B91B0526E2}.Debug|Any CPU.ActiveCfg = Debug|Any CPU
		{CE8B8702-43F4-4FC1-9AFB-73B91B0526E2}.Debug|Any CPU.Build.0 = Debug|Any CPU
		{CE8B8702-43F4-4FC1-9AFB-73B91B0526E2}.Release|Any CPU.ActiveCfg = Release|Any CPU
		{CE8B8702-43F4-4FC1-9AFB-73B91B0526E2}.Release|Any CPU.Build.0 = Release|Any CPU
	EndGlobalSection
	GlobalSection(SolutionProperties) = preSolution
		HideSolutionNode = FALSE
	EndGlobalSection
EndGlobal
