
Microsoft Visual Studio Solution File, Format Version 12.00
# Visual Studio 2012
Project("{FAE04EC0-301F-11D3-BF4B-00C04F79EFBC}") = "programavector4", "programavector4\programavector4.csproj", "{1C731EB7-CFF7-4266-BB75-E56E3D61A8F8}"
EndProject
Global
	GlobalSection(SolutionConfigurationPlatforms) = preSolution
		Debug|Any CPU = Debug|Any CPU
		Release|Any CPU = Release|Any CPU
	EndGlobalSection
	GlobalSection(ProjectConfigurationPlatforms) = postSolution
		{1C731EB7-CFF7-4266-BB75-E56E3D61A8F8}.Debug|Any CPU.ActiveCfg = Debug|Any CPU
		{1C731EB7-CFF7-4266-BB75-E56E3D61A8F8}.Debug|Any CPU.Build.0 = Debug|Any CPU
		{1C731EB7-CFF7-4266-BB75-E56E3D61A8F8}.Release|Any CPU.ActiveCfg = Release|Any CPU
		{1C731EB7-CFF7-4266-BB75-E56E3D61A8F8}.Release|Any CPU.Build.0 = Release|Any CPU
	EndGlobalSection
	GlobalSection(SolutionProperties) = preSolution
		HideSolutionNode = FALSE
	EndGlobalSection
EndGlobal
